<?xml version="1.0" encoding="UTF-8"?>
<Solution>
	<Configurations>
		<BuildType Name="Debug"/>
		<BuildType Name="Release"/>
		<BuildType Name="MinSizeRel"/>
		<BuildType Name="RelWithDebInfo"/>
		<Platform Name="x64"/>
	</Configurations>
	<Project Path="ALL_BUILD.vcxproj" Type="8bc9ceb8-8b4a-11d0-8d11-00a0c91bc942" Id="bc8961b9-2ea4-3559-b49b-43407a905078" DefaultStartup="true">
		<BuildDependency Project="ZERO_CHECK.vcxproj"/>
		<BuildDependency Project="adaptive_segmentation_demo.vcxproj"/>
		<BuildDependency Project="test_timelog.vcxproj"/>
		<BuildDependency Project="timelog.vcxproj"/>
	</Project>
	<Project Path="INSTALL.vcxproj" Type="8bc9ceb8-8b4a-11d0-8d11-00a0c91bc942" Id="1f614dc9-4c03-3ab0-97d7-deae7a05fce8">
		<BuildDependency Project="ALL_BUILD.vcxproj"/>
		<BuildDependency Project="ZERO_CHECK.vcxproj"/>
		<Build Solution="Debug|*" Project="false"/>
		<Build Solution="Release|*" Project="false"/>
		<Build Solution="MinSizeRel|*" Project="false"/>
		<Build Solution="RelWithDebInfo|*" Project="false"/>
	</Project>
	<Project Path="RUN_TESTS.vcxproj" Type="8bc9ceb8-8b4a-11d0-8d11-00a0c91bc942" Id="d4392054-0d13-3337-bdb6-9ccf644194a0">
		<BuildDependency Project="ZERO_CHECK.vcxproj"/>
		<Build Solution="Debug|*" Project="false"/>
		<Build Solution="Release|*" Project="false"/>
		<Build Solution="MinSizeRel|*" Project="false"/>
		<Build Solution="RelWithDebInfo|*" Project="false"/>
	</Project>
	<Project Path="ZERO_CHECK.vcxproj" Type="8bc9ceb8-8b4a-11d0-8d11-00a0c91bc942" Id="3a6e85ef-b9ab-315b-811b-87fabb25e056"/>
	<Project Path="adaptive_segmentation_demo.vcxproj" Type="8bc9ceb8-8b4a-11d0-8d11-00a0c91bc942" Id="46c94b2a-305c-33ab-9588-21b2bc19f204">
		<BuildDependency Project="ZERO_CHECK.vcxproj"/>
		<BuildDependency Project="timelog.vcxproj"/>
	</Project>
	<Project Path="test_timelog.vcxproj" Type="8bc9ceb8-8b4a-11d0-8d11-00a0c91bc942" Id="6f71552e-abb1-39a7-acea-64b8397fbb4c">
		<BuildDependency Project="ZERO_CHECK.vcxproj"/>
		<BuildDependency Project="timelog.vcxproj"/>
	</Project>
	<Project Path="timelog.vcxproj" Type="8bc9ceb8-8b4a-11d0-8d11-00a0c91bc942" Id="bae062b9-cddd-3a16-9116-59d50852621f">
		<BuildDependency Project="ZERO_CHECK.vcxproj"/>
	</Project>
</Solution>
