<?xml version="1.0" encoding="UTF-8"?>
<Solution>
	<Configurations>
		<BuildType Name="Debug"/>
		<BuildType Name="Release"/>
		<BuildType Name="MinSizeRel"/>
		<BuildType Name="RelWithDebInfo"/>
		<Platform Name="x64"/>
	</Configurations>
	<Project Path="ALL_BUILD.vcxproj" Type="8bc9ceb8-8b4a-11d0-8d11-00a0c91bc942" Id="ff54747d-789a-37b4-ad6c-92f3f8d1acb2" DefaultStartup="true">
		<BuildDependency Project="ZERO_CHECK.vcxproj"/>
		<BuildDependency Project="_timelog.vcxproj"/>
		<BuildDependency Project="test_py_errors.vcxproj"/>
		<BuildDependency Project="test_py_handle.vcxproj"/>
		<BuildDependency Project="test_py_iter.vcxproj"/>
		<BuildDependency Project="test_py_maint_b5.vcxproj"/>
		<BuildDependency Project="test_py_span.vcxproj"/>
		<BuildDependency Project="test_py_timelog.vcxproj"/>
	</Project>
	<Project Path="INSTALL.vcxproj" Type="8bc9ceb8-8b4a-11d0-8d11-00a0c91bc942" Id="182f3a49-1b0f-350f-b7b2-a04ee9486829">
		<BuildDependency Project="ALL_BUILD.vcxproj"/>
		<BuildDependency Project="ZERO_CHECK.vcxproj"/>
		<Build Solution="Debug|*" Project="false"/>
		<Build Solution="Release|*" Project="false"/>
		<Build Solution="MinSizeRel|*" Project="false"/>
		<Build Solution="RelWithDebInfo|*" Project="false"/>
	</Project>
	<Project Path="RUN_TESTS.vcxproj" Type="8bc9ceb8-8b4a-11d0-8d11-00a0c91bc942" Id="03cf430f-fa46-3837-a8c8-9f0fdf1947fd">
		<BuildDependency Project="ZERO_CHECK.vcxproj"/>
		<Build Solution="Debug|*" Project="false"/>
		<Build Solution="Release|*" Project="false"/>
		<Build Solution="MinSizeRel|*" Project="false"/>
		<Build Solution="RelWithDebInfo|*" Project="false"/>
	</Project>
	<Project Path="ZERO_CHECK.vcxproj" Type="8bc9ceb8-8b4a-11d0-8d11-00a0c91bc942" Id="330461ee-4434-3667-ae95-027fd342eb0c"/>
	<Project Path="_timelog.vcxproj" Type="8bc9ceb8-8b4a-11d0-8d11-00a0c91bc942" Id="22069541-db5f-32a7-8c8b-6027a153bcec">
		<BuildDependency Project="ZERO_CHECK.vcxproj"/>
	</Project>
	<Project Path="run_all_tests.vcxproj" Type="8bc9ceb8-8b4a-11d0-8d11-00a0c91bc942" Id="72fee129-391d-35cf-a546-b30d16a11f8a">
		<BuildDependency Project="ZERO_CHECK.vcxproj"/>
		<BuildDependency Project="test_py_errors.vcxproj"/>
		<BuildDependency Project="test_py_handle.vcxproj"/>
		<BuildDependency Project="test_py_iter.vcxproj"/>
		<BuildDependency Project="test_py_maint_b5.vcxproj"/>
		<BuildDependency Project="test_py_span.vcxproj"/>
		<BuildDependency Project="test_py_timelog.vcxproj"/>
		<Build Solution="Debug|*" Project="false"/>
		<Build Solution="Release|*" Project="false"/>
		<Build Solution="MinSizeRel|*" Project="false"/>
		<Build Solution="RelWithDebInfo|*" Project="false"/>
	</Project>
	<Project Path="test_py_errors.vcxproj" Type="8bc9ceb8-8b4a-11d0-8d11-00a0c91bc942" Id="89a0f07c-5365-37e6-8ccb-2646bd427040">
		<BuildDependency Project="ZERO_CHECK.vcxproj"/>
	</Project>
	<Project Path="test_py_handle.vcxproj" Type="8bc9ceb8-8b4a-11d0-8d11-00a0c91bc942" Id="1b0f8fcb-8a83-3448-8545-bfa01448e264">
		<BuildDependency Project="ZERO_CHECK.vcxproj"/>
	</Project>
	<Project Path="test_py_iter.vcxproj" Type="8bc9ceb8-8b4a-11d0-8d11-00a0c91bc942" Id="731f302c-f979-3806-ae03-098b76624a74">
		<BuildDependency Project="ZERO_CHECK.vcxproj"/>
	</Project>
	<Project Path="test_py_maint_b5.vcxproj" Type="8bc9ceb8-8b4a-11d0-8d11-00a0c91bc942" Id="4f493e6e-fd34-3896-9e6a-ca9180ca5a4e">
		<BuildDependency Project="ZERO_CHECK.vcxproj"/>
	</Project>
	<Project Path="test_py_span.vcxproj" Type="8bc9ceb8-8b4a-11d0-8d11-00a0c91bc942" Id="c3494098-e654-35b7-b0d9-8709489397d8">
		<BuildDependency Project="ZERO_CHECK.vcxproj"/>
	</Project>
	<Project Path="test_py_timelog.vcxproj" Type="8bc9ceb8-8b4a-11d0-8d11-00a0c91bc942" Id="1dfe0d1d-edb3-3bb0-86f8-d8cbdc577726">
		<BuildDependency Project="ZERO_CHECK.vcxproj"/>
	</Project>
</Solution>
